// !$*UTF8*$!
{
	archiveVersion = 1;
	classes = {
	};
	objectVersion = 50;
	objects = {

/* Begin PBXBuildFile section */
		74F164D42681E47200A7BA37 /* RegisterSwiftUIApp.swift in Sources */ = {isa = PBXBuildFile; fileRef = 74F164D32681E47200A7BA37 /* RegisterSwiftUIApp.swift */; };
		74F164D62681E47200A7BA37 /* ContentView.swift in Sources */ = {isa = PBXBuildFile; fileRef = 74F164D52681E47200A7BA37 /* ContentView.swift */; };
		74F164D82681E47B00A7BA37 /* Assets.xcassets in Resources */ = {isa = PBXBuildFile; fileRef = 74F164D72681E47B00A7BA37 /* Assets.xcassets */; };
		74F164DB2681E47B00A7BA37 /* Preview Assets.xcassets in Resources */ = {isa = PBXBuildFile; fileRef = 74F164DA2681E47B00A7BA37 /* Preview Assets.xcassets */; };
		74F164E62681E47C00A7BA37 /* RegisterSwiftUITests.swift in Sources */ = {isa = PBXBuildFile; fileRef = 74F164E52681E47C00A7BA37 /* RegisterSwiftUITests.swift */; };
		74F164F12681E47C00A7BA37 /* RegisterSwiftUIUITests.swift in Sources */ = {isa = PBXBuildFile; fileRef = 74F164F02681E47C00A7BA37 /* RegisterSwiftUIUITests.swift */; };
/* End PBXBuildFile section */

/* Begin PBXContainerItemProxy section */
		74F164E22681E47C00A7BA37 /* PBXContainerItemProxy */ = {
			isa = PBXContainerItemProxy;
			containerPortal = 74F164C82681E47200A7BA37 /* Project object */;
			proxyType = 1;
			remoteGlobalIDString = 74F164CF2681E47200A7BA37;
			remoteInfo = RegisterSwiftUI;
		};
		74F164ED2681E47C00A7BA37 /* PBXContainerItemProxy */ = {
			isa = PBXContainerItemProxy;
			containerPortal = 74F164C82681E47200A7BA37 /* Project object */;
			proxyType = 1;
			remoteGlobalIDString = 74F164CF2681E47200A7BA37;
			remoteInfo = RegisterSwiftUI;
		};
/* End PBXContainerItemProxy section */

/* Begin PBXFileReference section */
		74F164D02681E47200A7BA37 /* RegisterSwiftUI.app */ = {isa = PBXFileReference; explicitFileType = wrapper.application; includeInIndex = 0; path = RegisterSwiftUI.app; sourceTree = BUILT_PRODUCTS_DIR; };
		74F164D32681E47200A7BA37 /* RegisterSwiftUIApp.swift */ = {isa = PBXFileReference; lastKnownFileType = sourcecode.swift; path = RegisterSwiftUIApp.swift; sourceTree = "<group>"; };
		74F164D52681E47200A7BA37 /* ContentView.swift */ = {isa = PBXFileReference; lastKnownFileType = sourcecode.swift; path = ContentView.swift; sourceTree = "<group>"; };
		74F164D72681E47B00A7BA37 /* Assets.xcassets */ = {isa = PBXFileReference; lastKnownFileType = folder.assetcatalog; path = Assets.xcassets; sourceTree = "<group>"; };
		74F164DA2681E47B00A7BA37 /* Preview Assets.xcassets */ = {isa = PBXFileReference; lastKnownFileType = folder.assetcatalog; path = "Preview Assets.xcassets"; sourceTree = "<group>"; };
		74F164DC2681E47B00A7BA37 /* Info.plist */ = {isa = PBXFileReference; lastKnownFileType = text.plist.xml; path = Info.plist; sourceTree = "<group>"; };
		74F164E12681E47C00A7BA37 /* RegisterSwiftUITests.xctest */ = {isa = PBXFileReference; explicitFileType = wrapper.cfbundle; includeInIndex = 0; path = RegisterSwiftUITests.xctest; sourceTree = BUILT_PRODUCTS_DIR; };
		74F164E52681E47C00A7BA37 /* RegisterSwiftUITests.swift */ = {isa = PBXFileReference; lastKnownFileType = sourcecode.swift; path = RegisterSwiftUITests.swift; sourceTree = "<group>"; };
		74F164E72681E47C00A7BA37 /* Info.plist */ = {isa = PBXFileReference; lastKnownFileType = text.plist.xml; path = Info.plist; sourceTree = "<group>"; };
		74F164EC2681E47C00A7BA37 /* RegisterSwiftUIUITests.xctest */ = {isa = PBXFileReference; explicitFileType = wrapper.cfbundle; includeInIndex = 0; path = RegisterSwiftUIUITests.xctest; sourceTree = BUILT_PRODUCTS_DIR; };
		74F164F02681E47C00A7BA37 /* RegisterSwiftUIUITests.swift */ = {isa = PBXFileReference; lastKnownFileType = sourcecode.swift; path = RegisterSwiftUIUITests.swift; sourceTree = "<group>"; };
		74F164F22681E47C00A7BA37 /* Info.plist */ = {isa = PBXFileReference; lastKnownFileType = text.plist.xml; path = Info.plist; sourceTree = "<group>"; };
/* End PBXFileReference section */

/* Begin PBXFrameworksBuildPhase section */
		74F164CD2681E47200A7BA37 /* Frameworks */ = {
			isa = PBXFrameworksBuildPhase;
			buildActionMask = 2147483647;
			files = (
			);
			runOnlyForDeploymentPostprocessing = 0;
		};
		74F164DE2681E47C00A7BA37 /* Frameworks */ = {
			isa = PBXFrameworksBuildPhase;
			buildActionMask = 2147483647;
			files = (
			);
			runOnlyForDeploymentPostprocessing = 0;
		};
		74F164E92681E47C00A7BA37 /* Frameworks */ = {
			isa = PBXFrameworksBuildPhase;
			buildActionMask = 2147483647;
			files = (
			);
			runOnlyForDeploymentPostprocessing = 0;
		};
/* End PBXFrameworksBuildPhase section */

/* Begin PBXGroup section */
		74F164C72681E47200A7BA37 = {
			isa = PBXGroup;
			children = (
				74F164D22681E47200A7BA37 /* RegisterSwiftUI */,
				74F164E42681E47C00A7BA37 /* RegisterSwiftUITests */,
				74F164EF2681E47C00A7BA37 /* RegisterSwiftUIUITests */,
				74F164D12681E47200A7BA37 /* Products */,
			);
			sourceTree = "<group>";
		};
		74F164D12681E47200A7BA37 /* Products */ = {
			isa = PBXGroup;
			children = (
				74F164D02681E47200A7BA37 /* RegisterSwiftUI.app */,
				74F164E12681E47C00A7BA37 /* RegisterSwiftUITests.xctest */,
				74F164EC2681E47C00A7BA37 /* RegisterSwiftUIUITests.xctest */,
			);
			name = Products;
			sourceTree = "<group>";
		};
		74F164D22681E47200A7BA37 /* RegisterSwiftUI */ = {
			isa = PBXGroup;
			children = (
				74F164D32681E47200A7BA37 /* RegisterSwiftUIApp.swift */,
				74F164D52681E47200A7BA37 /* ContentView.swift */,
				74F164D72681E47B00A7BA37 /* Assets.xcassets */,
				74F164DC2681E47B00A7BA37 /* Info.plist */,
				74F164D92681E47B00A7BA37 /* Preview Content */,
			);
			path = RegisterSwiftUI;
			sourceTree = "<group>";
		};
		74F164D92681E47B00A7BA37 /* Preview Content */ = {
			isa = PBXGroup;
			children = (
				74F164DA2681E47B00A7BA37 /* Preview Assets.xcassets */,
			);
			path = "Preview Content";
			sourceTree = "<group>";
		};
		74F164E42681E47C00A7BA37 /* RegisterSwiftUITests */ = {
			isa = PBXGroup;
			children = (
				74F164E52681E47C00A7BA37 /* RegisterSwiftUITests.swift */,
				74F164E72681E47C00A7BA37 /* Info.plist */,
			);
			path = RegisterSwiftUITests;
			sourceTree = "<group>";
		};
		74F164EF2681E47C00A7BA37 /* RegisterSwiftUIUITests */ = {
			isa = PBXGroup;
			children = (
				74F164F02681E47C00A7BA37 /* RegisterSwiftUIUITests.swift */,
				74F164F22681E47C00A7BA37 /* Info.plist */,
			);
			path = RegisterSwiftUIUITests;
			sourceTree = "<group>";
		};
/* End PBXGroup section */

/* Begin PBXNativeTarget section */
		74F164CF2681E47200A7BA37 /* RegisterSwiftUI */ = {
			isa = PBXNativeTarget;
			buildConfigurationList = 74F164F52681E47C00A7BA37 /* Build configuration list for PBXNativeTarget "RegisterSwiftUI" */;
			buildPhases = (
				74F164CC2681E47200A7BA37 /* Sources */,
				74F164CD2681E47200A7BA37 /* Frameworks */,
				74F164CE2681E47200A7BA37 /* Resources */,
			);
			buildRules = (
			);
			dependencies = (
			);
			name = RegisterSwiftUI;
			productName = RegisterSwiftUI;
			productReference = 74F164D02681E47200A7BA37 /* RegisterSwiftUI.app */;
			productType = "com.apple.product-type.application";
		};
		74F164E02681E47C00A7BA37 /* RegisterSwiftUITests */ = {
			isa = PBXNativeTarget;
			buildConfigurationList = 74F164F82681E47C00A7BA37 /* Build configuration list for PBXNativeTarget "RegisterSwiftUITests" */;
			buildPhases = (
				74F164DD2681E47C00A7BA37 /* Sources */,
				74F164DE2681E47C00A7BA37 /* Frameworks */,
				74F164DF2681E47C00A7BA37 /* Resources */,
			);
			buildRules = (
			);
			dependencies = (
				74F164E32681E47C00A7BA37 /* PBXTargetDependency */,
			);
			name = RegisterSwiftUITests;
			productName = RegisterSwiftUITests;
			productReference = 74F164E12681E47C00A7BA37 /* RegisterSwiftUITests.xctest */;
			productType = "com.apple.product-type.bundle.unit-test";
		};
		74F164EB2681E47C00A7BA37 /* RegisterSwiftUIUITests */ = {
			isa = PBXNativeTarget;
			buildConfigurationList = 74F164FB2681E47C00A7BA37 /* Build configuration list for PBXNativeTarget "RegisterSwiftUIUITests" */;
			buildPhases = (
				74F164E82681E47C00A7BA37 /* Sources */,
				74F164E92681E47C00A7BA37 /* Frameworks */,
				74F164EA2681E47C00A7BA37 /* Resources */,
			);
			buildRules = (
			);
			dependencies = (
				74F164EE2681E47C00A7BA37 /* PBXTargetDependency */,
			);
			name = RegisterSwiftUIUITests;
			productName = RegisterSwiftUIUITests;
			productReference = 74F164EC2681E47C00A7BA37 /* RegisterSwiftUIUITests.xctest */;
			productType = "com.apple.product-type.bundle.ui-testing";
		};
/* End PBXNativeTarget section */

/* Begin PBXProject section */
		74F164C82681E47200A7BA37 /* Project object */ = {
			isa = PBXProject;
			attributes = {
				LastSwiftUpdateCheck = 1250;
				LastUpgradeCheck = 1250;
				TargetAttributes = {
					74F164CF2681E47200A7BA37 = {
						CreatedOnToolsVersion = 12.5;
					};
					74F164E02681E47C00A7BA37 = {
						CreatedOnToolsVersion = 12.5;
						TestTargetID = 74F164CF2681E47200A7BA37;
					};
					74F164EB2681E47C00A7BA37 = {
						CreatedOnToolsVersion = 12.5;
						TestTargetID = 74F164CF2681E47200A7BA37;
					};
				};
			};
			buildConfigurationList = 74F164CB2681E47200A7BA37 /* Build configuration list for PBXProject "RegisterSwiftUI" */;
			compatibilityVersion = "Xcode 9.3";
			developmentRegion = en;
			hasScannedForEncodings = 0;
			knownRegions = (
				en,
				Base,
			);
			mainGroup = 74F164C72681E47200A7BA37;
			productRefGroup = 74F164D12681E47200A7BA37 /* Products */;
			projectDirPath = "";
			projectRoot = "";
			targets = (
				74F164CF2681E47200A7BA37 /* RegisterSwiftUI */,
				74F164E02681E47C00A7BA37 /* RegisterSwiftUITests */,
				74F164EB2681E47C00A7BA37 /* RegisterSwiftUIUITests */,
			);
		};
/* End PBXProject section */

/* Begin PBXResourcesBuildPhase section */
		74F164CE2681E47200A7BA37 /* Resources */ = {
			isa = PBXResourcesBuildPhase;
			buildActionMask = 2147483647;
			files = (
				74F164DB2681E47B00A7BA37 /* Preview Assets.xcassets in Resources */,
				74F164D82681E47B00A7BA37 /* Assets.xcassets in Resources */,
			);
			runOnlyForDeploymentPostprocessing = 0;
		};
		74F164DF2681E47C00A7BA37 /* Resources */ = {
			isa = PBXResourcesBuildPhase;
			buildActionMask = 2147483647;
			files = (
			);
			runOnlyForDeploymentPostprocessing = 0;
		};
		74F164EA2681E47C00A7BA37 /* Resources */ = {
			isa = PBXResourcesBuildPhase;
			buildActionMask = 2147483647;
			files = (
			);
			runOnlyForDeploymentPostprocessing = 0;
		};
/* End PBXResourcesBuildPhase section */

/* Begin PBXSourcesBuildPhase section */
		74F164CC2681E47200A7BA37 /* Sources */ = {
			isa = PBXSourcesBuildPhase;
			buildActionMask = 2147483647;
			files = (
				74F164D62681E47200A7BA37 /* ContentView.swift in Sources */,
				74F164D42681E47200A7BA37 /* RegisterSwiftUIApp.swift in Sources */,
			);
			runOnlyForDeploymentPostprocessing = 0;
		};
		74F164DD2681E47C00A7BA37 /* Sources */ = {
			isa = PBXSourcesBuildPhase;
			buildActionMask = 2147483647;
			files = (
				74F164E62681E47C00A7BA37 /* RegisterSwiftUITests.swift in Sources */,
			);
			runOnlyForDeploymentPostprocessing = 0;
		};
		74F164E82681E47C00A7BA37 /* Sources */ = {
			isa = PBXSourcesBuildPhase;
			buildActionMask = 2147483647;
			files = (
				74F164F12681E47C00A7BA37 /* RegisterSwiftUIUITests.swift in Sources */,
			);
			runOnlyForDeploymentPostprocessing = 0;
		};
/* End PBXSourcesBuildPhase section */

/* Begin PBXTargetDependency section */
		74F164E32681E47C00A7BA37 /* PBXTargetDependency */ = {
			isa = PBXTargetDependency;
			target = 74F164CF2681E47200A7BA37 /* RegisterSwiftUI */;
			targetProxy = 74F164E22681E47C00A7BA37 /* PBXContainerItemProxy */;
		};
		74F164EE2681E47C00A7BA37 /* PBXTargetDependency */ = {
			isa = PBXTargetDependency;
			target = 74F164CF2681E47200A7BA37 /* RegisterSwiftUI */;
			targetProxy = 74F164ED2681E47C00A7BA37 /* PBXContainerItemProxy */;
		};
/* End PBXTargetDependency section */

/* Begin XCBuildConfiguration section */
		74F164F32681E47C00A7BA37 /* Debug */ = {
			isa = XCBuildConfiguration;
			buildSettings = {
				ALWAYS_SEARCH_USER_PATHS = NO;
				CLANG_ANALYZER_NONNULL = YES;
				CLANG_ANALYZER_NUMBER_OBJECT_CONVERSION = YES_AGGRESSIVE;
				CLANG_CXX_LANGUAGE_STANDARD = "gnu++14";
				CLANG_CXX_LIBRARY = "libc++";
				CLANG_ENABLE_MODULES = YES;
				CLANG_ENABLE_OBJC_ARC = YES;
				CLANG_ENABLE_OBJC_WEAK = YES;
				CLANG_WARN_BLOCK_CAPTURE_AUTORELEASING = YES;
				CLANG_WARN_BOOL_CONVERSION = YES;
				CLANG_WARN_COMMA = YES;
				CLANG_WARN_CONSTANT_CONVERSION = YES;
				CLANG_WARN_DEPRECATED_OBJC_IMPLEMENTATIONS = YES;
				CLANG_WARN_DIRECT_OBJC_ISA_USAGE = YES_ERROR;
				CLANG_WARN_DOCUMENTATION_COMMENTS = YES;
				CLANG_WARN_EMPTY_BODY = YES;
				CLANG_WARN_ENUM_CONVERSION = YES;
				CLANG_WARN_INFINITE_RECURSION = YES;
				CLANG_WARN_INT_CONVERSION = YES;
				CLANG_WARN_NON_LITERAL_NULL_CONVERSION = YES;
				CLANG_WARN_OBJC_IMPLICIT_RETAIN_SELF = YES;
				CLANG_WARN_OBJC_LITERAL_CONVERSION = YES;
				CLANG_WARN_OBJC_ROOT_CLASS = YES_ERROR;
				CLANG_WARN_QUOTED_INCLUDE_IN_FRAMEWORK_HEADER = YES;
				CLANG_WARN_RANGE_LOOP_ANALYSIS = YES;
				CLANG_WARN_STRICT_PROTOTYPES = YES;
				CLANG_WARN_SUSPICIOUS_MOVE = YES;
				CLANG_WARN_UNGUARDED_AVAILABILITY = YES_AGGRESSIVE;
				CLANG_WARN_UNREACHABLE_CODE = YES;
				CLANG_WARN__DUPLICATE_METHOD_MATCH = YES;
				COPY_PHASE_STRIP = NO;
				DEBUG_INFORMATION_FORMAT = dwarf;
				ENABLE_STRICT_OBJC_MSGSEND = YES;
				ENABLE_TESTABILITY = YES;
				GCC_C_LANGUAGE_STANDARD = gnu11;
				GCC_DYNAMIC_NO_PIC = NO;
				GCC_NO_COMMON_BLOCKS = YES;
				GCC_OPTIMIZATION_LEVEL = 0;
				GCC_PREPROCESSOR_DEFINITIONS = (
					"DEBUG=1",
					"$(inherited)",
				);
				GCC_WARN_64_TO_32_BIT_CONVERSION = YES;
				GCC_WARN_ABOUT_RETURN_TYPE = YES_ERROR;
				GCC_WARN_UNDECLARED_SELECTOR = YES;
				GCC_WARN_UNINITIALIZED_AUTOS = YES_AGGRESSIVE;
				GCC_WARN_UNUSED_FUNCTION = YES;
				GCC_WARN_UNUSED_VARIABLE = YES;
				IPHONEOS_DEPLOYMENT_TARGET = 14.5;
				MTL_ENABLE_DEBUG_INFO = INCLUDE_SOURCE;
				MTL_FAST_MATH = YES;
				ONLY_ACTIVE_ARCH = YES;
				SDKROOT = iphoneos;
				SWIFT_ACTIVE_COMPILATION_CONDITIONS = DEBUG;
				SWIFT_OPTIMIZATION_LEVEL = "-Onone";
			};
			name = Debug;
		};
		74F164F42681E47C00A7BA37 /* Release */ = {
			isa = XCBuildConfiguration;
			buildSettings = {
				ALWAYS_SEARCH_USER_PATHS = NO;
				CLANG_ANALYZER_NONNULL = YES;
				CLANG_ANALYZER_NUMBER_OBJECT_CONVERSION = YES_AGGRESSIVE;
				CLANG_CXX_LANGUAGE_STANDARD = "gnu++14";
				CLANG_CXX_LIBRARY = "libc++";
				CLANG_ENABLE_MODULES = YES;
				CLANG_ENABLE_OBJC_ARC = YES;
				CLANG_ENABLE_OBJC_WEAK = YES;
				CLANG_WARN_BLOCK_CAPTURE_AUTORELEASING = YES;
				CLANG_WARN_BOOL_CONVERSION = YES;
				CLANG_WARN_COMMA = YES;
				CLANG_WARN_CONSTANT_CONVERSION = YES;
				CLANG_WARN_DEPRECATED_OBJC_IMPLEMENTATIONS = YES;
				CLANG_WARN_DIRECT_OBJC_ISA_USAGE = YES_ERROR;
				CLANG_WARN_DOCUMENTATION_COMMENTS = YES;
				CLANG_WARN_EMPTY_BODY = YES;
				CLANG_WARN_ENUM_CONVERSION = YES;
				CLANG_WARN_INFINITE_RECURSION = YES;
				CLANG_WARN_INT_CONVERSION = YES;
				CLANG_WARN_NON_LITERAL_NULL_CONVERSION = YES;
				CLANG_WARN_OBJC_IMPLICIT_RETAIN_SELF = YES;
				CLANG_WARN_OBJC_LITERAL_CONVERSION = YES;
				CLANG_WARN_OBJC_ROOT_CLASS = YES_ERROR;
				CLANG_WARN_QUOTED_INCLUDE_IN_FRAMEWORK_HEADER = YES;
				CLANG_WARN_RANGE_LOOP_ANALYSIS = YES;
				CLANG_WARN_STRICT_PROTOTYPES = YES;
				CLANG_WARN_SUSPICIOUS_MOVE = YES;
				CLANG_WARN_UNGUARDED_AVAILABILITY = YES_AGGRESSIVE;
				CLANG_WARN_UNREACHABLE_CODE = YES;
				CLANG_WARN__DUPLICATE_METHOD_MATCH = YES;
				COPY_PHASE_STRIP = NO;
				DEBUG_INFORMATION_FORMAT = "dwarf-with-dsym";
				ENABLE_NS_ASSERTIONS = NO;
				ENABLE_STRICT_OBJC_MSGSEND = YES;
				GCC_C_LANGUAGE_STANDARD = gnu11;
				GCC_NO_COMMON_BLOCKS = YES;
				GCC_WARN_64_TO_32_BIT_CONVERSION = YES;
				GCC_WARN_ABOUT_RETURN_TYPE = YES_ERROR;
				GCC_WARN_UNDECLARED_SELECTOR = YES;
				GCC_WARN_UNINITIALIZED_AUTOS = YES_AGGRESSIVE;
				GCC_WARN_UNUSED_FUNCTION = YES;
				GCC_WARN_UNUSED_VARIABLE = YES;
				IPHONEOS_DEPLOYMENT_TARGET = 14.5;
				MTL_ENABLE_DEBUG_INFO = NO;
				MTL_FAST_MATH = YES;
				SDKROOT = iphoneos;
				SWIFT_COMPILATION_MODE = wholemodule;
				SWIFT_OPTIMIZATION_LEVEL = "-O";
				VALIDATE_PRODUCT = YES;
			};
			name = Release;
		};
		74F164F62681E47C00A7BA37 /* Debug */ = {
			isa = XCBuildConfiguration;
			buildSettings = {
				ASSETCATALOG_COMPILER_APPICON_NAME = AppIcon;
				ASSETCATALOG_COMPILER_GLOBAL_ACCENT_COLOR_NAME = AccentColor;
				CODE_SIGN_STYLE = Automatic;
				DEVELOPMENT_ASSET_PATHS = "\"RegisterSwiftUI/Preview Content\"";
				ENABLE_PREVIEWS = YES;
				INFOPLIST_FILE = RegisterSwiftUI/Info.plist;
				IPHONEOS_DEPLOYMENT_TARGET = 14.0;
				LD_RUNPATH_SEARCH_PATHS = (
					"$(inherited)",
					"@executable_path/Frameworks",
				);
				PRODUCT_BUNDLE_IDENTIFIER = com.krishna.RegisterSwiftUI;
				PRODUCT_NAME = "$(TARGET_NAME)";
				SWIFT_VERSION = 5.0;
				TARGETED_DEVICE_FAMILY = "1,2";
			};
			name = Debug;
		};
		74F164F72681E47C00A7BA37 /* Release */ = {
			isa = XCBuildConfiguration;
			buildSettings = {
				ASSETCATALOG_COMPILER_APPICON_NAME = AppIcon;
				ASSETCATALOG_COMPILER_GLOBAL_ACCENT_COLOR_NAME = AccentColor;
				CODE_SIGN_STYLE = Automatic;
				DEVELOPMENT_ASSET_PATHS = "\"RegisterSwiftUI/Preview Content\"";
				ENABLE_PREVIEWS = YES;
				INFOPLIST_FILE = RegisterSwiftUI/Info.plist;
				IPHONEOS_DEPLOYMENT_TARGET = 14.0;
				LD_RUNPATH_SEARCH_PATHS = (
					"$(inherited)",
					"@executable_path/Frameworks",
				);
				PRODUCT_BUNDLE_IDENTIFIER = com.krishna.RegisterSwiftUI;
				PRODUCT_NAME = "$(TARGET_NAME)";
				SWIFT_VERSION = 5.0;
				TARGETED_DEVICE_FAMILY = "1,2";
			};
			name = Release;
		};
		74F164F92681E47C00A7BA37 /* Debug */ = {
			isa = XCBuildConfiguration;
			buildSettings = {
				ALWAYS_EMBED_SWIFT_STANDARD_LIBRARIES = YES;
				BUNDLE_LOADER = "$(TEST_HOST)";
				CODE_SIGN_STYLE = Automatic;
				INFOPLIST_FILE = RegisterSwiftUITests/Info.plist;
				IPHONEOS_DEPLOYMENT_TARGET = 14.0;
				LD_RUNPATH_SEARCH_PATHS = (
					"$(inherited)",
					"@executable_path/Frameworks",
					"@loader_path/Frameworks",
				);
				PRODUCT_BUNDLE_IDENTIFIER = com.krishna.RegisterSwiftUITests;
				PRODUCT_NAME = "$(TARGET_NAME)";
				SWIFT_VERSION = 5.0;
				TARGETED_DEVICE_FAMILY = "1,2";
				TEST_HOST = "$(BUILT_PRODUCTS_DIR)/RegisterSwiftUI.app/RegisterSwiftUI";
			};
			name = Debug;
		};
		74F164FA2681E47C00A7BA37 /* Release */ = {
			isa = XCBuildConfiguration;
			buildSettings = {
				ALWAYS_EMBED_SWIFT_STANDARD_LIBRARIES = YES;
				BUNDLE_LOADER = "$(TEST_HOST)";
				CODE_SIGN_STYLE = Automatic;
				INFOPLIST_FILE = RegisterSwiftUITests/Info.plist;
				IPHONEOS_DEPLOYMENT_TARGET = 14.0;
				LD_RUNPATH_SEARCH_PATHS = (
					"$(inherited)",
					"@executable_path/Frameworks",
					"@loader_path/Frameworks",
				);
				PRODUCT_BUNDLE_IDENTIFIER = com.krishna.RegisterSwiftUITests;
				PRODUCT_NAME = "$(TARGET_NAME)";
				SWIFT_VERSION = 5.0;
				TARGETED_DEVICE_FAMILY = "1,2";
				TEST_HOST = "$(BUILT_PRODUCTS_DIR)/RegisterSwiftUI.app/RegisterSwiftUI";
			};
			name = Release;
		};
		74F164FC2681E47C00A7BA37 /* Debug */ = {
			isa = XCBuildConfiguration;
			buildSettings = {
				ALWAYS_EMBED_SWIFT_STANDARD_LIBRARIES = YES;
				CODE_SIGN_STYLE = Automatic;
				INFOPLIST_FILE = RegisterSwiftUIUITests/Info.plist;
				LD_RUNPATH_SEARCH_PATHS = (
					"$(inherited)",
					"@executable_path/Frameworks",
					"@loader_path/Frameworks",
				);
				PRODUCT_BUNDLE_IDENTIFIER = com.krishna.RegisterSwiftUIUITests;
				PRODUCT_NAME = "$(TARGET_NAME)";
				SWIFT_VERSION = 5.0;
				TARGETED_DEVICE_FAMILY = "1,2";
				TEST_TARGET_NAME = RegisterSwiftUI;
			};
			name = Debug;
		};
		74F164FD2681E47C00A7BA37 /* Release */ = {
			isa = XCBuildConfiguration;
			buildSettings = {
				ALWAYS_EMBED_SWIFT_STANDARD_LIBRARIES = YES;
				CODE_SIGN_STYLE = Automatic;
				INFOPLIST_FILE = RegisterSwiftUIUITests/Info.plist;
				LD_RUNPATH_SEARCH_PATHS = (
					"$(inherited)",
					"@executable_path/Frameworks",
					"@loader_path/Frameworks",
				);
				PRODUCT_BUNDLE_IDENTIFIER = com.krishna.RegisterSwiftUIUITests;
				PRODUCT_NAME = "$(TARGET_NAME)";
				SWIFT_VERSION = 5.0;
				TARGETED_DEVICE_FAMILY = "1,2";
				TEST_TARGET_NAME = RegisterSwiftUI;
			};
			name = Release;
		};
/* End XCBuildConfiguration section */

/* Begin XCConfigurationList section */
		74F164CB2681E47200A7BA37 /* Build configuration list for PBXProject "RegisterSwiftUI" */ = {
			isa = XCConfigurationList;
			buildConfigurations = (
				74F164F32681E47C00A7BA37 /* Debug */,
				74F164F42681E47C00A7BA37 /* Release */,
			);
			defaultConfigurationIsVisible = 0;
			defaultConfigurationName = Release;
		};
		74F164F52681E47C00A7BA37 /* Build configuration list for PBXNativeTarget "RegisterSwiftUI" */ = {
			isa = XCConfigurationList;
			buildConfigurations = (
				74F164F62681E47C00A7BA37 /* Debug */,
				74F164F72681E47C00A7BA37 /* Release */,
			);
			defaultConfigurationIsVisible = 0;
			defaultConfigurationName = Release;
		};
		74F164F82681E47C00A7BA37 /* Build configuration list for PBXNativeTarget "RegisterSwiftUITests" */ = {
			isa = XCConfigurationList;
			buildConfigurations = (
				74F164F92681E47C00A7BA37 /* Debug */,
				74F164FA2681E47C00A7BA37 /* Release */,
			);
			defaultConfigurationIsVisible = 0;
			defaultConfigurationName = Release;
		};
		74F164FB2681E47C00A7BA37 /* Build configuration list for PBXNativeTarget "RegisterSwiftUIUITests" */ = {
			isa = XCConfigurationList;
			buildConfigurations = (
				74F164FC2681E47C00A7BA37 /* Debug */,
				74F164FD2681E47C00A7BA37 /* Release */,
			);
			defaultConfigurationIsVisible = 0;
			defaultConfigurationName = Release;
		};
/* End XCConfigurationList section */
	};
	rootObject = 74F164C82681E47200A7BA37 /* Project object */;
}
