// !$*UTF8*$!
{
	archiveVersion = 1;
	classes = {
	};
	objectVersion = 50;
	objects = {

/* Begin PBXBuildFile section */
		74F164662681DBF500A7BA37 /* UserProfileApp.swift in Sources */ = {isa = PBXBuildFile; fileRef = 74F164652681DBF500A7BA37 /* UserProfileApp.swift */; };
		74F164682681DBF500A7BA37 /* ProfileView.swift in Sources */ = {isa = PBXBuildFile; fileRef = 74F164672681DBF500A7BA37 /* ProfileView.swift */; };
		74F1646A2681DBFE00A7BA37 /* Assets.xcassets in Resources */ = {isa = PBXBuildFile; fileRef = 74F164692681DBFE00A7BA37 /* Assets.xcassets */; };
		74F1646D2681DBFE00A7BA37 /* Preview Assets.xcassets in Resources */ = {isa = PBXBuildFile; fileRef = 74F1646C2681DBFE00A7BA37 /* Preview Assets.xcassets */; };
		74F164782681DBFF00A7BA37 /* UserProfileTests.swift in Sources */ = {isa = PBXBuildFile; fileRef = 74F164772681DBFF00A7BA37 /* UserProfileTests.swift */; };
		74F164832681DBFF00A7BA37 /* UserProfileUITests.swift in Sources */ = {isa = PBXBuildFile; fileRef = 74F164822681DBFF00A7BA37 /* UserProfileUITests.swift */; };
/* End PBXBuildFile section */

/* Begin PBXContainerItemProxy section */
		74F164742681DBFF00A7BA37 /* PBXContainerItemProxy */ = {
			isa = PBXContainerItemProxy;
			containerPortal = 74F1645A2681DBF400A7BA37 /* Project object */;
			proxyType = 1;
			remoteGlobalIDString = 74F164612681DBF500A7BA37;
			remoteInfo = UserProfile;
		};
		74F1647F2681DBFF00A7BA37 /* PBXContainerItemProxy */ = {
			isa = PBXContainerItemProxy;
			containerPortal = 74F1645A2681DBF400A7BA37 /* Project object */;
			proxyType = 1;
			remoteGlobalIDString = 74F164612681DBF500A7BA37;
			remoteInfo = UserProfile;
		};
/* End PBXContainerItemProxy section */

/* Begin PBXFileReference section */
		74F164622681DBF500A7BA37 /* UserProfile.app */ = {isa = PBXFileReference; explicitFileType = wrapper.application; includeInIndex = 0; path = UserProfile.app; sourceTree = BUILT_PRODUCTS_DIR; };
		74F164652681DBF500A7BA37 /* UserProfileApp.swift */ = {isa = PBXFileReference; lastKnownFileType = sourcecode.swift; path = UserProfileApp.swift; sourceTree = "<group>"; };
		74F164672681DBF500A7BA37 /* ProfileView.swift */ = {isa = PBXFileReference; lastKnownFileType = sourcecode.swift; path = ProfileView.swift; sourceTree = "<group>"; };
		74F164692681DBFE00A7BA37 /* Assets.xcassets */ = {isa = PBXFileReference; lastKnownFileType = folder.assetcatalog; path = Assets.xcassets; sourceTree = "<group>"; };
		74F1646C2681DBFE00A7BA37 /* Preview Assets.xcassets */ = {isa = PBXFileReference; lastKnownFileType = folder.assetcatalog; path = "Preview Assets.xcassets"; sourceTree = "<group>"; };
		74F1646E2681DBFE00A7BA37 /* Info.plist */ = {isa = PBXFileReference; lastKnownFileType = text.plist.xml; path = Info.plist; sourceTree = "<group>"; };
		74F164732681DBFF00A7BA37 /* UserProfileTests.xctest */ = {isa = PBXFileReference; explicitFileType = wrapper.cfbundle; includeInIndex = 0; path = UserProfileTests.xctest; sourceTree = BUILT_PRODUCTS_DIR; };
		74F164772681DBFF00A7BA37 /* UserProfileTests.swift */ = {isa = PBXFileReference; lastKnownFileType = sourcecode.swift; path = UserProfileTests.swift; sourceTree = "<group>"; };
		74F164792681DBFF00A7BA37 /* Info.plist */ = {isa = PBXFileReference; lastKnownFileType = text.plist.xml; path = Info.plist; sourceTree = "<group>"; };
		74F1647E2681DBFF00A7BA37 /* UserProfileUITests.xctest */ = {isa = PBXFileReference; explicitFileType = wrapper.cfbundle; includeInIndex = 0; path = UserProfileUITests.xctest; sourceTree = BUILT_PRODUCTS_DIR; };
		74F164822681DBFF00A7BA37 /* UserProfileUITests.swift */ = {isa = PBXFileReference; lastKnownFileType = sourcecode.swift; path = UserProfileUITests.swift; sourceTree = "<group>"; };
		74F164842681DBFF00A7BA37 /* Info.plist */ = {isa = PBXFileReference; lastKnownFileType = text.plist.xml; path = Info.plist; sourceTree = "<group>"; };
/* End PBXFileReference section */

/* Begin PBXFrameworksBuildPhase section */
		74F1645F2681DBF500A7BA37 /* Frameworks */ = {
			isa = PBXFrameworksBuildPhase;
			buildActionMask = 2147483647;
			files = (
			);
			runOnlyForDeploymentPostprocessing = 0;
		};
		74F164702681DBFF00A7BA37 /* Frameworks */ = {
			isa = PBXFrameworksBuildPhase;
			buildActionMask = 2147483647;
			files = (
			);
			runOnlyForDeploymentPostprocessing = 0;
		};
		74F1647B2681DBFF00A7BA37 /* Frameworks */ = {
			isa = PBXFrameworksBuildPhase;
			buildActionMask = 2147483647;
			files = (
			);
			runOnlyForDeploymentPostprocessing = 0;
		};
/* End PBXFrameworksBuildPhase section */

/* Begin PBXGroup section */
		74F164592681DBF400A7BA37 = {
			isa = PBXGroup;
			children = (
				74F164642681DBF500A7BA37 /* UserProfile */,
				74F164762681DBFF00A7BA37 /* UserProfileTests */,
				74F164812681DBFF00A7BA37 /* UserProfileUITests */,
				74F164632681DBF500A7BA37 /* Products */,
			);
			sourceTree = "<group>";
		};
		74F164632681DBF500A7BA37 /* Products */ = {
			isa = PBXGroup;
			children = (
				74F164622681DBF500A7BA37 /* UserProfile.app */,
				74F164732681DBFF00A7BA37 /* UserProfileTests.xctest */,
				74F1647E2681DBFF00A7BA37 /* UserProfileUITests.xctest */,
			);
			name = Products;
			sourceTree = "<group>";
		};
		74F164642681DBF500A7BA37 /* UserProfile */ = {
			isa = PBXGroup;
			children = (
				74F164652681DBF500A7BA37 /* UserProfileApp.swift */,
				74F164672681DBF500A7BA37 /* ProfileView.swift */,
				74F164692681DBFE00A7BA37 /* Assets.xcassets */,
				74F1646E2681DBFE00A7BA37 /* Info.plist */,
				74F1646B2681DBFE00A7BA37 /* Preview Content */,
			);
			path = UserProfile;
			sourceTree = "<group>";
		};
		74F1646B2681DBFE00A7BA37 /* Preview Content */ = {
			isa = PBXGroup;
			children = (
				74F1646C2681DBFE00A7BA37 /* Preview Assets.xcassets */,
			);
			path = "Preview Content";
			sourceTree = "<group>";
		};
		74F164762681DBFF00A7BA37 /* UserProfileTests */ = {
			isa = PBXGroup;
			children = (
				74F164772681DBFF00A7BA37 /* UserProfileTests.swift */,
				74F164792681DBFF00A7BA37 /* Info.plist */,
			);
			path = UserProfileTests;
			sourceTree = "<group>";
		};
		74F164812681DBFF00A7BA37 /* UserProfileUITests */ = {
			isa = PBXGroup;
			children = (
				74F164822681DBFF00A7BA37 /* UserProfileUITests.swift */,
				74F164842681DBFF00A7BA37 /* Info.plist */,
			);
			path = UserProfileUITests;
			sourceTree = "<group>";
		};
/* End PBXGroup section */

/* Begin PBXNativeTarget section */
		74F164612681DBF500A7BA37 /* UserProfile */ = {
			isa = PBXNativeTarget;
			buildConfigurationList = 74F164872681DBFF00A7BA37 /* Build configuration list for PBXNativeTarget "UserProfile" */;
			buildPhases = (
				74F1645E2681DBF500A7BA37 /* Sources */,
				74F1645F2681DBF500A7BA37 /* Frameworks */,
				74F164602681DBF500A7BA37 /* Resources */,
			);
			buildRules = (
			);
			dependencies = (
			);
			name = UserProfile;
			productName = UserProfile;
			productReference = 74F164622681DBF500A7BA37 /* UserProfile.app */;
			productType = "com.apple.product-type.application";
		};
		74F164722681DBFF00A7BA37 /* UserProfileTests */ = {
			isa = PBXNativeTarget;
			buildConfigurationList = 74F1648A2681DBFF00A7BA37 /* Build configuration list for PBXNativeTarget "UserProfileTests" */;
			buildPhases = (
				74F1646F2681DBFF00A7BA37 /* Sources */,
				74F164702681DBFF00A7BA37 /* Frameworks */,
				74F164712681DBFF00A7BA37 /* Resources */,
			);
			buildRules = (
			);
			dependencies = (
				74F164752681DBFF00A7BA37 /* PBXTargetDependency */,
			);
			name = UserProfileTests;
			productName = UserProfileTests;
			productReference = 74F164732681DBFF00A7BA37 /* UserProfileTests.xctest */;
			productType = "com.apple.product-type.bundle.unit-test";
		};
		74F1647D2681DBFF00A7BA37 /* UserProfileUITests */ = {
			isa = PBXNativeTarget;
			buildConfigurationList = 74F1648D2681DBFF00A7BA37 /* Build configuration list for PBXNativeTarget "UserProfileUITests" */;
			buildPhases = (
				74F1647A2681DBFF00A7BA37 /* Sources */,
				74F1647B2681DBFF00A7BA37 /* Frameworks */,
				74F1647C2681DBFF00A7BA37 /* Resources */,
			);
			buildRules = (
			);
			dependencies = (
				74F164802681DBFF00A7BA37 /* PBXTargetDependency */,
			);
			name = UserProfileUITests;
			productName = UserProfileUITests;
			productReference = 74F1647E2681DBFF00A7BA37 /* UserProfileUITests.xctest */;
			productType = "com.apple.product-type.bundle.ui-testing";
		};
/* End PBXNativeTarget section */

/* Begin PBXProject section */
		74F1645A2681DBF400A7BA37 /* Project object */ = {
			isa = PBXProject;
			attributes = {
				LastSwiftUpdateCheck = 1250;
				LastUpgradeCheck = 1250;
				TargetAttributes = {
					74F164612681DBF500A7BA37 = {
						CreatedOnToolsVersion = 12.5;
					};
					74F164722681DBFF00A7BA37 = {
						CreatedOnToolsVersion = 12.5;
						TestTargetID = 74F164612681DBF500A7BA37;
					};
					74F1647D2681DBFF00A7BA37 = {
						CreatedOnToolsVersion = 12.5;
						TestTargetID = 74F164612681DBF500A7BA37;
					};
				};
			};
			buildConfigurationList = 74F1645D2681DBF400A7BA37 /* Build configuration list for PBXProject "UserProfile" */;
			compatibilityVersion = "Xcode 9.3";
			developmentRegion = en;
			hasScannedForEncodings = 0;
			knownRegions = (
				en,
				Base,
			);
			mainGroup = 74F164592681DBF400A7BA37;
			productRefGroup = 74F164632681DBF500A7BA37 /* Products */;
			projectDirPath = "";
			projectRoot = "";
			targets = (
				74F164612681DBF500A7BA37 /* UserProfile */,
				74F164722681DBFF00A7BA37 /* UserProfileTests */,
				74F1647D2681DBFF00A7BA37 /* UserProfileUITests */,
			);
		};
/* End PBXProject section */

/* Begin PBXResourcesBuildPhase section */
		74F164602681DBF500A7BA37 /* Resources */ = {
			isa = PBXResourcesBuildPhase;
			buildActionMask = 2147483647;
			files = (
				74F1646D2681DBFE00A7BA37 /* Preview Assets.xcassets in Resources */,
				74F1646A2681DBFE00A7BA37 /* Assets.xcassets in Resources */,
			);
			runOnlyForDeploymentPostprocessing = 0;
		};
		74F164712681DBFF00A7BA37 /* Resources */ = {
			isa = PBXResourcesBuildPhase;
			buildActionMask = 2147483647;
			files = (
			);
			runOnlyForDeploymentPostprocessing = 0;
		};
		74F1647C2681DBFF00A7BA37 /* Resources */ = {
			isa = PBXResourcesBuildPhase;
			buildActionMask = 2147483647;
			files = (
			);
			runOnlyForDeploymentPostprocessing = 0;
		};
/* End PBXResourcesBuildPhase section */

/* Begin PBXSourcesBuildPhase section */
		74F1645E2681DBF500A7BA37 /* Sources */ = {
			isa = PBXSourcesBuildPhase;
			buildActionMask = 2147483647;
			files = (
				74F164682681DBF500A7BA37 /* ProfileView.swift in Sources */,
				74F164662681DBF500A7BA37 /* UserProfileApp.swift in Sources */,
			);
			runOnlyForDeploymentPostprocessing = 0;
		};
		74F1646F2681DBFF00A7BA37 /* Sources */ = {
			isa = PBXSourcesBuildPhase;
			buildActionMask = 2147483647;
			files = (
				74F164782681DBFF00A7BA37 /* UserProfileTests.swift in Sources */,
			);
			runOnlyForDeploymentPostprocessing = 0;
		};
		74F1647A2681DBFF00A7BA37 /* Sources */ = {
			isa = PBXSourcesBuildPhase;
			buildActionMask = 2147483647;
			files = (
				74F164832681DBFF00A7BA37 /* UserProfileUITests.swift in Sources */,
			);
			runOnlyForDeploymentPostprocessing = 0;
		};
/* End PBXSourcesBuildPhase section */

/* Begin PBXTargetDependency section */
		74F164752681DBFF00A7BA37 /* PBXTargetDependency */ = {
			isa = PBXTargetDependency;
			target = 74F164612681DBF500A7BA37 /* UserProfile */;
			targetProxy = 74F164742681DBFF00A7BA37 /* PBXContainerItemProxy */;
		};
		74F164802681DBFF00A7BA37 /* PBXTargetDependency */ = {
			isa = PBXTargetDependency;
			target = 74F164612681DBF500A7BA37 /* UserProfile */;
			targetProxy = 74F1647F2681DBFF00A7BA37 /* PBXContainerItemProxy */;
		};
/* End PBXTargetDependency section */

/* Begin XCBuildConfiguration section */
		74F164852681DBFF00A7BA37 /* Debug */ = {
			isa = XCBuildConfiguration;
			buildSettings = {
				ALWAYS_SEARCH_USER_PATHS = NO;
				CLANG_ANALYZER_NONNULL = YES;
				CLANG_ANALYZER_NUMBER_OBJECT_CONVERSION = YES_AGGRESSIVE;
				CLANG_CXX_LANGUAGE_STANDARD = "gnu++14";
				CLANG_CXX_LIBRARY = "libc++";
				CLANG_ENABLE_MODULES = YES;
				CLANG_ENABLE_OBJC_ARC = YES;
				CLANG_ENABLE_OBJC_WEAK = YES;
				CLANG_WARN_BLOCK_CAPTURE_AUTORELEASING = YES;
				CLANG_WARN_BOOL_CONVERSION = YES;
				CLANG_WARN_COMMA = YES;
				CLANG_WARN_CONSTANT_CONVERSION = YES;
				CLANG_WARN_DEPRECATED_OBJC_IMPLEMENTATIONS = YES;
				CLANG_WARN_DIRECT_OBJC_ISA_USAGE = YES_ERROR;
				CLANG_WARN_DOCUMENTATION_COMMENTS = YES;
				CLANG_WARN_EMPTY_BODY = YES;
				CLANG_WARN_ENUM_CONVERSION = YES;
				CLANG_WARN_INFINITE_RECURSION = YES;
				CLANG_WARN_INT_CONVERSION = YES;
				CLANG_WARN_NON_LITERAL_NULL_CONVERSION = YES;
				CLANG_WARN_OBJC_IMPLICIT_RETAIN_SELF = YES;
				CLANG_WARN_OBJC_LITERAL_CONVERSION = YES;
				CLANG_WARN_OBJC_ROOT_CLASS = YES_ERROR;
				CLANG_WARN_QUOTED_INCLUDE_IN_FRAMEWORK_HEADER = YES;
				CLANG_WARN_RANGE_LOOP_ANALYSIS = YES;
				CLANG_WARN_STRICT_PROTOTYPES = YES;
				CLANG_WARN_SUSPICIOUS_MOVE = YES;
				CLANG_WARN_UNGUARDED_AVAILABILITY = YES_AGGRESSIVE;
				CLANG_WARN_UNREACHABLE_CODE = YES;
				CLANG_WARN__DUPLICATE_METHOD_MATCH = YES;
				COPY_PHASE_STRIP = NO;
				DEBUG_INFORMATION_FORMAT = dwarf;
				ENABLE_STRICT_OBJC_MSGSEND = YES;
				ENABLE_TESTABILITY = YES;
				GCC_C_LANGUAGE_STANDARD = gnu11;
				GCC_DYNAMIC_NO_PIC = NO;
				GCC_NO_COMMON_BLOCKS = YES;
				GCC_OPTIMIZATION_LEVEL = 0;
				GCC_PREPROCESSOR_DEFINITIONS = (
					"DEBUG=1",
					"$(inherited)",
				);
				GCC_WARN_64_TO_32_BIT_CONVERSION = YES;
				GCC_WARN_ABOUT_RETURN_TYPE = YES_ERROR;
				GCC_WARN_UNDECLARED_SELECTOR = YES;
				GCC_WARN_UNINITIALIZED_AUTOS = YES_AGGRESSIVE;
				GCC_WARN_UNUSED_FUNCTION = YES;
				GCC_WARN_UNUSED_VARIABLE = YES;
				IPHONEOS_DEPLOYMENT_TARGET = 14.5;
				MTL_ENABLE_DEBUG_INFO = INCLUDE_SOURCE;
				MTL_FAST_MATH = YES;
				ONLY_ACTIVE_ARCH = YES;
				SDKROOT = iphoneos;
				SWIFT_ACTIVE_COMPILATION_CONDITIONS = DEBUG;
				SWIFT_OPTIMIZATION_LEVEL = "-Onone";
			};
			name = Debug;
		};
		74F164862681DBFF00A7BA37 /* Release */ = {
			isa = XCBuildConfiguration;
			buildSettings = {
				ALWAYS_SEARCH_USER_PATHS = NO;
				CLANG_ANALYZER_NONNULL = YES;
				CLANG_ANALYZER_NUMBER_OBJECT_CONVERSION = YES_AGGRESSIVE;
				CLANG_CXX_LANGUAGE_STANDARD = "gnu++14";
				CLANG_CXX_LIBRARY = "libc++";
				CLANG_ENABLE_MODULES = YES;
				CLANG_ENABLE_OBJC_ARC = YES;
				CLANG_ENABLE_OBJC_WEAK = YES;
				CLANG_WARN_BLOCK_CAPTURE_AUTORELEASING = YES;
				CLANG_WARN_BOOL_CONVERSION = YES;
				CLANG_WARN_COMMA = YES;
				CLANG_WARN_CONSTANT_CONVERSION = YES;
				CLANG_WARN_DEPRECATED_OBJC_IMPLEMENTATIONS = YES;
				CLANG_WARN_DIRECT_OBJC_ISA_USAGE = YES_ERROR;
				CLANG_WARN_DOCUMENTATION_COMMENTS = YES;
				CLANG_WARN_EMPTY_BODY = YES;
				CLANG_WARN_ENUM_CONVERSION = YES;
				CLANG_WARN_INFINITE_RECURSION = YES;
				CLANG_WARN_INT_CONVERSION = YES;
				CLANG_WARN_NON_LITERAL_NULL_CONVERSION = YES;
				CLANG_WARN_OBJC_IMPLICIT_RETAIN_SELF = YES;
				CLANG_WARN_OBJC_LITERAL_CONVERSION = YES;
				CLANG_WARN_OBJC_ROOT_CLASS = YES_ERROR;
				CLANG_WARN_QUOTED_INCLUDE_IN_FRAMEWORK_HEADER = YES;
				CLANG_WARN_RANGE_LOOP_ANALYSIS = YES;
				CLANG_WARN_STRICT_PROTOTYPES = YES;
				CLANG_WARN_SUSPICIOUS_MOVE = YES;
				CLANG_WARN_UNGUARDED_AVAILABILITY = YES_AGGRESSIVE;
				CLANG_WARN_UNREACHABLE_CODE = YES;
				CLANG_WARN__DUPLICATE_METHOD_MATCH = YES;
				COPY_PHASE_STRIP = NO;
				DEBUG_INFORMATION_FORMAT = "dwarf-with-dsym";
				ENABLE_NS_ASSERTIONS = NO;
				ENABLE_STRICT_OBJC_MSGSEND = YES;
				GCC_C_LANGUAGE_STANDARD = gnu11;
				GCC_NO_COMMON_BLOCKS = YES;
				GCC_WARN_64_TO_32_BIT_CONVERSION = YES;
				GCC_WARN_ABOUT_RETURN_TYPE = YES_ERROR;
				GCC_WARN_UNDECLARED_SELECTOR = YES;
				GCC_WARN_UNINITIALIZED_AUTOS = YES_AGGRESSIVE;
				GCC_WARN_UNUSED_FUNCTION = YES;
				GCC_WARN_UNUSED_VARIABLE = YES;
				IPHONEOS_DEPLOYMENT_TARGET = 14.5;
				MTL_ENABLE_DEBUG_INFO = NO;
				MTL_FAST_MATH = YES;
				SDKROOT = iphoneos;
				SWIFT_COMPILATION_MODE = wholemodule;
				SWIFT_OPTIMIZATION_LEVEL = "-O";
				VALIDATE_PRODUCT = YES;
			};
			name = Release;
		};
		74F164882681DBFF00A7BA37 /* Debug */ = {
			isa = XCBuildConfiguration;
			buildSettings = {
				ASSETCATALOG_COMPILER_APPICON_NAME = AppIcon;
				ASSETCATALOG_COMPILER_GLOBAL_ACCENT_COLOR_NAME = AccentColor;
				CODE_SIGN_STYLE = Automatic;
				DEVELOPMENT_ASSET_PATHS = "\"UserProfile/Preview Content\"";
				ENABLE_PREVIEWS = YES;
				INFOPLIST_FILE = UserProfile/Info.plist;
				IPHONEOS_DEPLOYMENT_TARGET = 14.0;
				LD_RUNPATH_SEARCH_PATHS = (
					"$(inherited)",
					"@executable_path/Frameworks",
				);
				PRODUCT_BUNDLE_IDENTIFIER = com.krishna.UserProfile;
				PRODUCT_NAME = "$(TARGET_NAME)";
				SWIFT_VERSION = 5.0;
				TARGETED_DEVICE_FAMILY = "1,2";
			};
			name = Debug;
		};
		74F164892681DBFF00A7BA37 /* Release */ = {
			isa = XCBuildConfiguration;
			buildSettings = {
				ASSETCATALOG_COMPILER_APPICON_NAME = AppIcon;
				ASSETCATALOG_COMPILER_GLOBAL_ACCENT_COLOR_NAME = AccentColor;
				CODE_SIGN_STYLE = Automatic;
				DEVELOPMENT_ASSET_PATHS = "\"UserProfile/Preview Content\"";
				ENABLE_PREVIEWS = YES;
				INFOPLIST_FILE = UserProfile/Info.plist;
				IPHONEOS_DEPLOYMENT_TARGET = 14.0;
				LD_RUNPATH_SEARCH_PATHS = (
					"$(inherited)",
					"@executable_path/Frameworks",
				);
				PRODUCT_BUNDLE_IDENTIFIER = com.krishna.UserProfile;
				PRODUCT_NAME = "$(TARGET_NAME)";
				SWIFT_VERSION = 5.0;
				TARGETED_DEVICE_FAMILY = "1,2";
			};
			name = Release;
		};
		74F1648B2681DBFF00A7BA37 /* Debug */ = {
			isa = XCBuildConfiguration;
			buildSettings = {
				ALWAYS_EMBED_SWIFT_STANDARD_LIBRARIES = YES;
				BUNDLE_LOADER = "$(TEST_HOST)";
				CODE_SIGN_STYLE = Automatic;
				INFOPLIST_FILE = UserProfileTests/Info.plist;
				IPHONEOS_DEPLOYMENT_TARGET = 14.0;
				LD_RUNPATH_SEARCH_PATHS = (
					"$(inherited)",
					"@executable_path/Frameworks",
					"@loader_path/Frameworks",
				);
				PRODUCT_BUNDLE_IDENTIFIER = com.krishna.UserProfileTests;
				PRODUCT_NAME = "$(TARGET_NAME)";
				SWIFT_VERSION = 5.0;
				TARGETED_DEVICE_FAMILY = "1,2";
				TEST_HOST = "$(BUILT_PRODUCTS_DIR)/UserProfile.app/UserProfile";
			};
			name = Debug;
		};
		74F1648C2681DBFF00A7BA37 /* Release */ = {
			isa = XCBuildConfiguration;
			buildSettings = {
				ALWAYS_EMBED_SWIFT_STANDARD_LIBRARIES = YES;
				BUNDLE_LOADER = "$(TEST_HOST)";
				CODE_SIGN_STYLE = Automatic;
				INFOPLIST_FILE = UserProfileTests/Info.plist;
				IPHONEOS_DEPLOYMENT_TARGET = 14.0;
				LD_RUNPATH_SEARCH_PATHS = (
					"$(inherited)",
					"@executable_path/Frameworks",
					"@loader_path/Frameworks",
				);
				PRODUCT_BUNDLE_IDENTIFIER = com.krishna.UserProfileTests;
				PRODUCT_NAME = "$(TARGET_NAME)";
				SWIFT_VERSION = 5.0;
				TARGETED_DEVICE_FAMILY = "1,2";
				TEST_HOST = "$(BUILT_PRODUCTS_DIR)/UserProfile.app/UserProfile";
			};
			name = Release;
		};
		74F1648E2681DBFF00A7BA37 /* Debug */ = {
			isa = XCBuildConfiguration;
			buildSettings = {
				ALWAYS_EMBED_SWIFT_STANDARD_LIBRARIES = YES;
				CODE_SIGN_STYLE = Automatic;
				INFOPLIST_FILE = UserProfileUITests/Info.plist;
				LD_RUNPATH_SEARCH_PATHS = (
					"$(inherited)",
					"@executable_path/Frameworks",
					"@loader_path/Frameworks",
				);
				PRODUCT_BUNDLE_IDENTIFIER = com.krishna.UserProfileUITests;
				PRODUCT_NAME = "$(TARGET_NAME)";
				SWIFT_VERSION = 5.0;
				TARGETED_DEVICE_FAMILY = "1,2";
				TEST_TARGET_NAME = UserProfile;
			};
			name = Debug;
		};
		74F1648F2681DBFF00A7BA37 /* Release */ = {
			isa = XCBuildConfiguration;
			buildSettings = {
				ALWAYS_EMBED_SWIFT_STANDARD_LIBRARIES = YES;
				CODE_SIGN_STYLE = Automatic;
				INFOPLIST_FILE = UserProfileUITests/Info.plist;
				LD_RUNPATH_SEARCH_PATHS = (
					"$(inherited)",
					"@executable_path/Frameworks",
					"@loader_path/Frameworks",
				);
				PRODUCT_BUNDLE_IDENTIFIER = com.krishna.UserProfileUITests;
				PRODUCT_NAME = "$(TARGET_NAME)";
				SWIFT_VERSION = 5.0;
				TARGETED_DEVICE_FAMILY = "1,2";
				TEST_TARGET_NAME = UserProfile;
			};
			name = Release;
		};
/* End XCBuildConfiguration section */

/* Begin XCConfigurationList section */
		74F1645D2681DBF400A7BA37 /* Build configuration list for PBXProject "UserProfile" */ = {
			isa = XCConfigurationList;
			buildConfigurations = (
				74F164852681DBFF00A7BA37 /* Debug */,
				74F164862681DBFF00A7BA37 /* Release */,
			);
			defaultConfigurationIsVisible = 0;
			defaultConfigurationName = Release;
		};
		74F164872681DBFF00A7BA37 /* Build configuration list for PBXNativeTarget "UserProfile" */ = {
			isa = XCConfigurationList;
			buildConfigurations = (
				74F164882681DBFF00A7BA37 /* Debug */,
				74F164892681DBFF00A7BA37 /* Release */,
			);
			defaultConfigurationIsVisible = 0;
			defaultConfigurationName = Release;
		};
		74F1648A2681DBFF00A7BA37 /* Build configuration list for PBXNativeTarget "UserProfileTests" */ = {
			isa = XCConfigurationList;
			buildConfigurations = (
				74F1648B2681DBFF00A7BA37 /* Debug */,
				74F1648C2681DBFF00A7BA37 /* Release */,
			);
			defaultConfigurationIsVisible = 0;
			defaultConfigurationName = Release;
		};
		74F1648D2681DBFF00A7BA37 /* Build configuration list for PBXNativeTarget "UserProfileUITests" */ = {
			isa = XCConfigurationList;
			buildConfigurations = (
				74F1648E2681DBFF00A7BA37 /* Debug */,
				74F1648F2681DBFF00A7BA37 /* Release */,
			);
			defaultConfigurationIsVisible = 0;
			defaultConfigurationName = Release;
		};
/* End XCConfigurationList section */
	};
	rootObject = 74F1645A2681DBF400A7BA37 /* Project object */;
}
