// !$*UTF8*$!
{
	archiveVersion = 1;
	classes = {
	};
	objectVersion = 50;
	objects = {

/* Begin PBXBuildFile section */
		74F1649D2681E1AF00A7BA37 /* LoginSwiftUIApp.swift in Sources */ = {isa = PBXBuildFile; fileRef = 74F1649C2681E1AF00A7BA37 /* LoginSwiftUIApp.swift */; };
		74F1649F2681E1AF00A7BA37 /* ContentView.swift in Sources */ = {isa = PBXBuildFile; fileRef = 74F1649E2681E1AF00A7BA37 /* ContentView.swift */; };
		74F164A12681E1B600A7BA37 /* Assets.xcassets in Resources */ = {isa = PBXBuildFile; fileRef = 74F164A02681E1B600A7BA37 /* Assets.xcassets */; };
		74F164A42681E1B600A7BA37 /* Preview Assets.xcassets in Resources */ = {isa = PBXBuildFile; fileRef = 74F164A32681E1B600A7BA37 /* Preview Assets.xcassets */; };
		74F164AF2681E1B700A7BA37 /* LoginSwiftUITests.swift in Sources */ = {isa = PBXBuildFile; fileRef = 74F164AE2681E1B700A7BA37 /* LoginSwiftUITests.swift */; };
		74F164BA2681E1B700A7BA37 /* LoginSwiftUIUITests.swift in Sources */ = {isa = PBXBuildFile; fileRef = 74F164B92681E1B700A7BA37 /* LoginSwiftUIUITests.swift */; };
/* End PBXBuildFile section */

/* Begin PBXContainerItemProxy section */
		74F164AB2681E1B700A7BA37 /* PBXContainerItemProxy */ = {
			isa = PBXContainerItemProxy;
			containerPortal = 74F164912681E1AF00A7BA37 /* Project object */;
			proxyType = 1;
			remoteGlobalIDString = 74F164982681E1AF00A7BA37;
			remoteInfo = LoginSwiftUI;
		};
		74F164B62681E1B700A7BA37 /* PBXContainerItemProxy */ = {
			isa = PBXContainerItemProxy;
			containerPortal = 74F164912681E1AF00A7BA37 /* Project object */;
			proxyType = 1;
			remoteGlobalIDString = 74F164982681E1AF00A7BA37;
			remoteInfo = LoginSwiftUI;
		};
/* End PBXContainerItemProxy section */

/* Begin PBXFileReference section */
		74F164992681E1AF00A7BA37 /* LoginSwiftUI.app */ = {isa = PBXFileReference; explicitFileType = wrapper.application; includeInIndex = 0; path = LoginSwiftUI.app; sourceTree = BUILT_PRODUCTS_DIR; };
		74F1649C2681E1AF00A7BA37 /* LoginSwiftUIApp.swift */ = {isa = PBXFileReference; lastKnownFileType = sourcecode.swift; path = LoginSwiftUIApp.swift; sourceTree = "<group>"; };
		74F1649E2681E1AF00A7BA37 /* ContentView.swift */ = {isa = PBXFileReference; lastKnownFileType = sourcecode.swift; path = ContentView.swift; sourceTree = "<group>"; };
		74F164A02681E1B600A7BA37 /* Assets.xcassets */ = {isa = PBXFileReference; lastKnownFileType = folder.assetcatalog; path = Assets.xcassets; sourceTree = "<group>"; };
		74F164A32681E1B600A7BA37 /* Preview Assets.xcassets */ = {isa = PBXFileReference; lastKnownFileType = folder.assetcatalog; path = "Preview Assets.xcassets"; sourceTree = "<group>"; };
		74F164A52681E1B600A7BA37 /* Info.plist */ = {isa = PBXFileReference; lastKnownFileType = text.plist.xml; path = Info.plist; sourceTree = "<group>"; };
		74F164AA2681E1B700A7BA37 /* LoginSwiftUITests.xctest */ = {isa = PBXFileReference; explicitFileType = wrapper.cfbundle; includeInIndex = 0; path = LoginSwiftUITests.xctest; sourceTree = BUILT_PRODUCTS_DIR; };
		74F164AE2681E1B700A7BA37 /* LoginSwiftUITests.swift */ = {isa = PBXFileReference; lastKnownFileType = sourcecode.swift; path = LoginSwiftUITests.swift; sourceTree = "<group>"; };
		74F164B02681E1B700A7BA37 /* Info.plist */ = {isa = PBXFileReference; lastKnownFileType = text.plist.xml; path = Info.plist; sourceTree = "<group>"; };
		74F164B52681E1B700A7BA37 /* LoginSwiftUIUITests.xctest */ = {isa = PBXFileReference; explicitFileType = wrapper.cfbundle; includeInIndex = 0; path = LoginSwiftUIUITests.xctest; sourceTree = BUILT_PRODUCTS_DIR; };
		74F164B92681E1B700A7BA37 /* LoginSwiftUIUITests.swift */ = {isa = PBXFileReference; lastKnownFileType = sourcecode.swift; path = LoginSwiftUIUITests.swift; sourceTree = "<group>"; };
		74F164BB2681E1B700A7BA37 /* Info.plist */ = {isa = PBXFileReference; lastKnownFileType = text.plist.xml; path = Info.plist; sourceTree = "<group>"; };
/* End PBXFileReference section */

/* Begin PBXFrameworksBuildPhase section */
		74F164962681E1AF00A7BA37 /* Frameworks */ = {
			isa = PBXFrameworksBuildPhase;
			buildActionMask = 2147483647;
			files = (
			);
			runOnlyForDeploymentPostprocessing = 0;
		};
		74F164A72681E1B700A7BA37 /* Frameworks */ = {
			isa = PBXFrameworksBuildPhase;
			buildActionMask = 2147483647;
			files = (
			);
			runOnlyForDeploymentPostprocessing = 0;
		};
		74F164B22681E1B700A7BA37 /* Frameworks */ = {
			isa = PBXFrameworksBuildPhase;
			buildActionMask = 2147483647;
			files = (
			);
			runOnlyForDeploymentPostprocessing = 0;
		};
/* End PBXFrameworksBuildPhase section */

/* Begin PBXGroup section */
		74F164902681E1AF00A7BA37 = {
			isa = PBXGroup;
			children = (
				74F1649B2681E1AF00A7BA37 /* LoginSwiftUI */,
				74F164AD2681E1B700A7BA37 /* LoginSwiftUITests */,
				74F164B82681E1B700A7BA37 /* LoginSwiftUIUITests */,
				74F1649A2681E1AF00A7BA37 /* Products */,
			);
			sourceTree = "<group>";
		};
		74F1649A2681E1AF00A7BA37 /* Products */ = {
			isa = PBXGroup;
			children = (
				74F164992681E1AF00A7BA37 /* LoginSwiftUI.app */,
				74F164AA2681E1B700A7BA37 /* LoginSwiftUITests.xctest */,
				74F164B52681E1B700A7BA37 /* LoginSwiftUIUITests.xctest */,
			);
			name = Products;
			sourceTree = "<group>";
		};
		74F1649B2681E1AF00A7BA37 /* LoginSwiftUI */ = {
			isa = PBXGroup;
			children = (
				74F1649C2681E1AF00A7BA37 /* LoginSwiftUIApp.swift */,
				74F1649E2681E1AF00A7BA37 /* ContentView.swift */,
				74F164A02681E1B600A7BA37 /* Assets.xcassets */,
				74F164A52681E1B600A7BA37 /* Info.plist */,
				74F164A22681E1B600A7BA37 /* Preview Content */,
			);
			path = LoginSwiftUI;
			sourceTree = "<group>";
		};
		74F164A22681E1B600A7BA37 /* Preview Content */ = {
			isa = PBXGroup;
			children = (
				74F164A32681E1B600A7BA37 /* Preview Assets.xcassets */,
			);
			path = "Preview Content";
			sourceTree = "<group>";
		};
		74F164AD2681E1B700A7BA37 /* LoginSwiftUITests */ = {
			isa = PBXGroup;
			children = (
				74F164AE2681E1B700A7BA37 /* LoginSwiftUITests.swift */,
				74F164B02681E1B700A7BA37 /* Info.plist */,
			);
			path = LoginSwiftUITests;
			sourceTree = "<group>";
		};
		74F164B82681E1B700A7BA37 /* LoginSwiftUIUITests */ = {
			isa = PBXGroup;
			children = (
				74F164B92681E1B700A7BA37 /* LoginSwiftUIUITests.swift */,
				74F164BB2681E1B700A7BA37 /* Info.plist */,
			);
			path = LoginSwiftUIUITests;
			sourceTree = "<group>";
		};
/* End PBXGroup section */

/* Begin PBXNativeTarget section */
		74F164982681E1AF00A7BA37 /* LoginSwiftUI */ = {
			isa = PBXNativeTarget;
			buildConfigurationList = 74F164BE2681E1B700A7BA37 /* Build configuration list for PBXNativeTarget "LoginSwiftUI" */;
			buildPhases = (
				74F164952681E1AF00A7BA37 /* Sources */,
				74F164962681E1AF00A7BA37 /* Frameworks */,
				74F164972681E1AF00A7BA37 /* Resources */,
			);
			buildRules = (
			);
			dependencies = (
			);
			name = LoginSwiftUI;
			productName = LoginSwiftUI;
			productReference = 74F164992681E1AF00A7BA37 /* LoginSwiftUI.app */;
			productType = "com.apple.product-type.application";
		};
		74F164A92681E1B700A7BA37 /* LoginSwiftUITests */ = {
			isa = PBXNativeTarget;
			buildConfigurationList = 74F164C12681E1B700A7BA37 /* Build configuration list for PBXNativeTarget "LoginSwiftUITests" */;
			buildPhases = (
				74F164A62681E1B700A7BA37 /* Sources */,
				74F164A72681E1B700A7BA37 /* Frameworks */,
				74F164A82681E1B700A7BA37 /* Resources */,
			);
			buildRules = (
			);
			dependencies = (
				74F164AC2681E1B700A7BA37 /* PBXTargetDependency */,
			);
			name = LoginSwiftUITests;
			productName = LoginSwiftUITests;
			productReference = 74F164AA2681E1B700A7BA37 /* LoginSwiftUITests.xctest */;
			productType = "com.apple.product-type.bundle.unit-test";
		};
		74F164B42681E1B700A7BA37 /* LoginSwiftUIUITests */ = {
			isa = PBXNativeTarget;
			buildConfigurationList = 74F164C42681E1B700A7BA37 /* Build configuration list for PBXNativeTarget "LoginSwiftUIUITests" */;
			buildPhases = (
				74F164B12681E1B700A7BA37 /* Sources */,
				74F164B22681E1B700A7BA37 /* Frameworks */,
				74F164B32681E1B700A7BA37 /* Resources */,
			);
			buildRules = (
			);
			dependencies = (
				74F164B72681E1B700A7BA37 /* PBXTargetDependency */,
			);
			name = LoginSwiftUIUITests;
			productName = LoginSwiftUIUITests;
			productReference = 74F164B52681E1B700A7BA37 /* LoginSwiftUIUITests.xctest */;
			productType = "com.apple.product-type.bundle.ui-testing";
		};
/* End PBXNativeTarget section */

/* Begin PBXProject section */
		74F164912681E1AF00A7BA37 /* Project object */ = {
			isa = PBXProject;
			attributes = {
				LastSwiftUpdateCheck = 1250;
				LastUpgradeCheck = 1250;
				TargetAttributes = {
					74F164982681E1AF00A7BA37 = {
						CreatedOnToolsVersion = 12.5;
					};
					74F164A92681E1B700A7BA37 = {
						CreatedOnToolsVersion = 12.5;
						TestTargetID = 74F164982681E1AF00A7BA37;
					};
					74F164B42681E1B700A7BA37 = {
						CreatedOnToolsVersion = 12.5;
						TestTargetID = 74F164982681E1AF00A7BA37;
					};
				};
			};
			buildConfigurationList = 74F164942681E1AF00A7BA37 /* Build configuration list for PBXProject "LoginSwiftUI" */;
			compatibilityVersion = "Xcode 9.3";
			developmentRegion = en;
			hasScannedForEncodings = 0;
			knownRegions = (
				en,
				Base,
			);
			mainGroup = 74F164902681E1AF00A7BA37;
			productRefGroup = 74F1649A2681E1AF00A7BA37 /* Products */;
			projectDirPath = "";
			projectRoot = "";
			targets = (
				74F164982681E1AF00A7BA37 /* LoginSwiftUI */,
				74F164A92681E1B700A7BA37 /* LoginSwiftUITests */,
				74F164B42681E1B700A7BA37 /* LoginSwiftUIUITests */,
			);
		};
/* End PBXProject section */

/* Begin PBXResourcesBuildPhase section */
		74F164972681E1AF00A7BA37 /* Resources */ = {
			isa = PBXResourcesBuildPhase;
			buildActionMask = 2147483647;
			files = (
				74F164A42681E1B600A7BA37 /* Preview Assets.xcassets in Resources */,
				74F164A12681E1B600A7BA37 /* Assets.xcassets in Resources */,
			);
			runOnlyForDeploymentPostprocessing = 0;
		};
		74F164A82681E1B700A7BA37 /* Resources */ = {
			isa = PBXResourcesBuildPhase;
			buildActionMask = 2147483647;
			files = (
			);
			runOnlyForDeploymentPostprocessing = 0;
		};
		74F164B32681E1B700A7BA37 /* Resources */ = {
			isa = PBXResourcesBuildPhase;
			buildActionMask = 2147483647;
			files = (
			);
			runOnlyForDeploymentPostprocessing = 0;
		};
/* End PBXResourcesBuildPhase section */

/* Begin PBXSourcesBuildPhase section */
		74F164952681E1AF00A7BA37 /* Sources */ = {
			isa = PBXSourcesBuildPhase;
			buildActionMask = 2147483647;
			files = (
				74F1649F2681E1AF00A7BA37 /* ContentView.swift in Sources */,
				74F1649D2681E1AF00A7BA37 /* LoginSwiftUIApp.swift in Sources */,
			);
			runOnlyForDeploymentPostprocessing = 0;
		};
		74F164A62681E1B700A7BA37 /* Sources */ = {
			isa = PBXSourcesBuildPhase;
			buildActionMask = 2147483647;
			files = (
				74F164AF2681E1B700A7BA37 /* LoginSwiftUITests.swift in Sources */,
			);
			runOnlyForDeploymentPostprocessing = 0;
		};
		74F164B12681E1B700A7BA37 /* Sources */ = {
			isa = PBXSourcesBuildPhase;
			buildActionMask = 2147483647;
			files = (
				74F164BA2681E1B700A7BA37 /* LoginSwiftUIUITests.swift in Sources */,
			);
			runOnlyForDeploymentPostprocessing = 0;
		};
/* End PBXSourcesBuildPhase section */

/* Begin PBXTargetDependency section */
		74F164AC2681E1B700A7BA37 /* PBXTargetDependency */ = {
			isa = PBXTargetDependency;
			target = 74F164982681E1AF00A7BA37 /* LoginSwiftUI */;
			targetProxy = 74F164AB2681E1B700A7BA37 /* PBXContainerItemProxy */;
		};
		74F164B72681E1B700A7BA37 /* PBXTargetDependency */ = {
			isa = PBXTargetDependency;
			target = 74F164982681E1AF00A7BA37 /* LoginSwiftUI */;
			targetProxy = 74F164B62681E1B700A7BA37 /* PBXContainerItemProxy */;
		};
/* End PBXTargetDependency section */

/* Begin XCBuildConfiguration section */
		74F164BC2681E1B700A7BA37 /* Debug */ = {
			isa = XCBuildConfiguration;
			buildSettings = {
				ALWAYS_SEARCH_USER_PATHS = NO;
				CLANG_ANALYZER_NONNULL = YES;
				CLANG_ANALYZER_NUMBER_OBJECT_CONVERSION = YES_AGGRESSIVE;
				CLANG_CXX_LANGUAGE_STANDARD = "gnu++14";
				CLANG_CXX_LIBRARY = "libc++";
				CLANG_ENABLE_MODULES = YES;
				CLANG_ENABLE_OBJC_ARC = YES;
				CLANG_ENABLE_OBJC_WEAK = YES;
				CLANG_WARN_BLOCK_CAPTURE_AUTORELEASING = YES;
				CLANG_WARN_BOOL_CONVERSION = YES;
				CLANG_WARN_COMMA = YES;
				CLANG_WARN_CONSTANT_CONVERSION = YES;
				CLANG_WARN_DEPRECATED_OBJC_IMPLEMENTATIONS = YES;
				CLANG_WARN_DIRECT_OBJC_ISA_USAGE = YES_ERROR;
				CLANG_WARN_DOCUMENTATION_COMMENTS = YES;
				CLANG_WARN_EMPTY_BODY = YES;
				CLANG_WARN_ENUM_CONVERSION = YES;
				CLANG_WARN_INFINITE_RECURSION = YES;
				CLANG_WARN_INT_CONVERSION = YES;
				CLANG_WARN_NON_LITERAL_NULL_CONVERSION = YES;
				CLANG_WARN_OBJC_IMPLICIT_RETAIN_SELF = YES;
				CLANG_WARN_OBJC_LITERAL_CONVERSION = YES;
				CLANG_WARN_OBJC_ROOT_CLASS = YES_ERROR;
				CLANG_WARN_QUOTED_INCLUDE_IN_FRAMEWORK_HEADER = YES;
				CLANG_WARN_RANGE_LOOP_ANALYSIS = YES;
				CLANG_WARN_STRICT_PROTOTYPES = YES;
				CLANG_WARN_SUSPICIOUS_MOVE = YES;
				CLANG_WARN_UNGUARDED_AVAILABILITY = YES_AGGRESSIVE;
				CLANG_WARN_UNREACHABLE_CODE = YES;
				CLANG_WARN__DUPLICATE_METHOD_MATCH = YES;
				COPY_PHASE_STRIP = NO;
				DEBUG_INFORMATION_FORMAT = dwarf;
				ENABLE_STRICT_OBJC_MSGSEND = YES;
				ENABLE_TESTABILITY = YES;
				GCC_C_LANGUAGE_STANDARD = gnu11;
				GCC_DYNAMIC_NO_PIC = NO;
				GCC_NO_COMMON_BLOCKS = YES;
				GCC_OPTIMIZATION_LEVEL = 0;
				GCC_PREPROCESSOR_DEFINITIONS = (
					"DEBUG=1",
					"$(inherited)",
				);
				GCC_WARN_64_TO_32_BIT_CONVERSION = YES;
				GCC_WARN_ABOUT_RETURN_TYPE = YES_ERROR;
				GCC_WARN_UNDECLARED_SELECTOR = YES;
				GCC_WARN_UNINITIALIZED_AUTOS = YES_AGGRESSIVE;
				GCC_WARN_UNUSED_FUNCTION = YES;
				GCC_WARN_UNUSED_VARIABLE = YES;
				IPHONEOS_DEPLOYMENT_TARGET = 14.5;
				MTL_ENABLE_DEBUG_INFO = INCLUDE_SOURCE;
				MTL_FAST_MATH = YES;
				ONLY_ACTIVE_ARCH = YES;
				SDKROOT = iphoneos;
				SWIFT_ACTIVE_COMPILATION_CONDITIONS = DEBUG;
				SWIFT_OPTIMIZATION_LEVEL = "-Onone";
			};
			name = Debug;
		};
		74F164BD2681E1B700A7BA37 /* Release */ = {
			isa = XCBuildConfiguration;
			buildSettings = {
				ALWAYS_SEARCH_USER_PATHS = NO;
				CLANG_ANALYZER_NONNULL = YES;
				CLANG_ANALYZER_NUMBER_OBJECT_CONVERSION = YES_AGGRESSIVE;
				CLANG_CXX_LANGUAGE_STANDARD = "gnu++14";
				CLANG_CXX_LIBRARY = "libc++";
				CLANG_ENABLE_MODULES = YES;
				CLANG_ENABLE_OBJC_ARC = YES;
				CLANG_ENABLE_OBJC_WEAK = YES;
				CLANG_WARN_BLOCK_CAPTURE_AUTORELEASING = YES;
				CLANG_WARN_BOOL_CONVERSION = YES;
				CLANG_WARN_COMMA = YES;
				CLANG_WARN_CONSTANT_CONVERSION = YES;
				CLANG_WARN_DEPRECATED_OBJC_IMPLEMENTATIONS = YES;
				CLANG_WARN_DIRECT_OBJC_ISA_USAGE = YES_ERROR;
				CLANG_WARN_DOCUMENTATION_COMMENTS = YES;
				CLANG_WARN_EMPTY_BODY = YES;
				CLANG_WARN_ENUM_CONVERSION = YES;
				CLANG_WARN_INFINITE_RECURSION = YES;
				CLANG_WARN_INT_CONVERSION = YES;
				CLANG_WARN_NON_LITERAL_NULL_CONVERSION = YES;
				CLANG_WARN_OBJC_IMPLICIT_RETAIN_SELF = YES;
				CLANG_WARN_OBJC_LITERAL_CONVERSION = YES;
				CLANG_WARN_OBJC_ROOT_CLASS = YES_ERROR;
				CLANG_WARN_QUOTED_INCLUDE_IN_FRAMEWORK_HEADER = YES;
				CLANG_WARN_RANGE_LOOP_ANALYSIS = YES;
				CLANG_WARN_STRICT_PROTOTYPES = YES;
				CLANG_WARN_SUSPICIOUS_MOVE = YES;
				CLANG_WARN_UNGUARDED_AVAILABILITY = YES_AGGRESSIVE;
				CLANG_WARN_UNREACHABLE_CODE = YES;
				CLANG_WARN__DUPLICATE_METHOD_MATCH = YES;
				COPY_PHASE_STRIP = NO;
				DEBUG_INFORMATION_FORMAT = "dwarf-with-dsym";
				ENABLE_NS_ASSERTIONS = NO;
				ENABLE_STRICT_OBJC_MSGSEND = YES;
				GCC_C_LANGUAGE_STANDARD = gnu11;
				GCC_NO_COMMON_BLOCKS = YES;
				GCC_WARN_64_TO_32_BIT_CONVERSION = YES;
				GCC_WARN_ABOUT_RETURN_TYPE = YES_ERROR;
				GCC_WARN_UNDECLARED_SELECTOR = YES;
				GCC_WARN_UNINITIALIZED_AUTOS = YES_AGGRESSIVE;
				GCC_WARN_UNUSED_FUNCTION = YES;
				GCC_WARN_UNUSED_VARIABLE = YES;
				IPHONEOS_DEPLOYMENT_TARGET = 14.5;
				MTL_ENABLE_DEBUG_INFO = NO;
				MTL_FAST_MATH = YES;
				SDKROOT = iphoneos;
				SWIFT_COMPILATION_MODE = wholemodule;
				SWIFT_OPTIMIZATION_LEVEL = "-O";
				VALIDATE_PRODUCT = YES;
			};
			name = Release;
		};
		74F164BF2681E1B700A7BA37 /* Debug */ = {
			isa = XCBuildConfiguration;
			buildSettings = {
				ASSETCATALOG_COMPILER_APPICON_NAME = AppIcon;
				ASSETCATALOG_COMPILER_GLOBAL_ACCENT_COLOR_NAME = AccentColor;
				CODE_SIGN_STYLE = Automatic;
				DEVELOPMENT_ASSET_PATHS = "\"LoginSwiftUI/Preview Content\"";
				ENABLE_PREVIEWS = YES;
				INFOPLIST_FILE = LoginSwiftUI/Info.plist;
				IPHONEOS_DEPLOYMENT_TARGET = 14.0;
				LD_RUNPATH_SEARCH_PATHS = (
					"$(inherited)",
					"@executable_path/Frameworks",
				);
				PRODUCT_BUNDLE_IDENTIFIER = com.krishna.LoginSwiftUI;
				PRODUCT_NAME = "$(TARGET_NAME)";
				SWIFT_VERSION = 5.0;
				TARGETED_DEVICE_FAMILY = "1,2";
			};
			name = Debug;
		};
		74F164C02681E1B700A7BA37 /* Release */ = {
			isa = XCBuildConfiguration;
			buildSettings = {
				ASSETCATALOG_COMPILER_APPICON_NAME = AppIcon;
				ASSETCATALOG_COMPILER_GLOBAL_ACCENT_COLOR_NAME = AccentColor;
				CODE_SIGN_STYLE = Automatic;
				DEVELOPMENT_ASSET_PATHS = "\"LoginSwiftUI/Preview Content\"";
				ENABLE_PREVIEWS = YES;
				INFOPLIST_FILE = LoginSwiftUI/Info.plist;
				IPHONEOS_DEPLOYMENT_TARGET = 14.0;
				LD_RUNPATH_SEARCH_PATHS = (
					"$(inherited)",
					"@executable_path/Frameworks",
				);
				PRODUCT_BUNDLE_IDENTIFIER = com.krishna.LoginSwiftUI;
				PRODUCT_NAME = "$(TARGET_NAME)";
				SWIFT_VERSION = 5.0;
				TARGETED_DEVICE_FAMILY = "1,2";
			};
			name = Release;
		};
		74F164C22681E1B700A7BA37 /* Debug */ = {
			isa = XCBuildConfiguration;
			buildSettings = {
				ALWAYS_EMBED_SWIFT_STANDARD_LIBRARIES = YES;
				BUNDLE_LOADER = "$(TEST_HOST)";
				CODE_SIGN_STYLE = Automatic;
				INFOPLIST_FILE = LoginSwiftUITests/Info.plist;
				IPHONEOS_DEPLOYMENT_TARGET = 14.0;
				LD_RUNPATH_SEARCH_PATHS = (
					"$(inherited)",
					"@executable_path/Frameworks",
					"@loader_path/Frameworks",
				);
				PRODUCT_BUNDLE_IDENTIFIER = com.krishna.LoginSwiftUITests;
				PRODUCT_NAME = "$(TARGET_NAME)";
				SWIFT_VERSION = 5.0;
				TARGETED_DEVICE_FAMILY = "1,2";
				TEST_HOST = "$(BUILT_PRODUCTS_DIR)/LoginSwiftUI.app/LoginSwiftUI";
			};
			name = Debug;
		};
		74F164C32681E1B700A7BA37 /* Release */ = {
			isa = XCBuildConfiguration;
			buildSettings = {
				ALWAYS_EMBED_SWIFT_STANDARD_LIBRARIES = YES;
				BUNDLE_LOADER = "$(TEST_HOST)";
				CODE_SIGN_STYLE = Automatic;
				INFOPLIST_FILE = LoginSwiftUITests/Info.plist;
				IPHONEOS_DEPLOYMENT_TARGET = 14.0;
				LD_RUNPATH_SEARCH_PATHS = (
					"$(inherited)",
					"@executable_path/Frameworks",
					"@loader_path/Frameworks",
				);
				PRODUCT_BUNDLE_IDENTIFIER = com.krishna.LoginSwiftUITests;
				PRODUCT_NAME = "$(TARGET_NAME)";
				SWIFT_VERSION = 5.0;
				TARGETED_DEVICE_FAMILY = "1,2";
				TEST_HOST = "$(BUILT_PRODUCTS_DIR)/LoginSwiftUI.app/LoginSwiftUI";
			};
			name = Release;
		};
		74F164C52681E1B700A7BA37 /* Debug */ = {
			isa = XCBuildConfiguration;
			buildSettings = {
				ALWAYS_EMBED_SWIFT_STANDARD_LIBRARIES = YES;
				CODE_SIGN_STYLE = Automatic;
				INFOPLIST_FILE = LoginSwiftUIUITests/Info.plist;
				LD_RUNPATH_SEARCH_PATHS = (
					"$(inherited)",
					"@executable_path/Frameworks",
					"@loader_path/Frameworks",
				);
				PRODUCT_BUNDLE_IDENTIFIER = com.krishna.LoginSwiftUIUITests;
				PRODUCT_NAME = "$(TARGET_NAME)";
				SWIFT_VERSION = 5.0;
				TARGETED_DEVICE_FAMILY = "1,2";
				TEST_TARGET_NAME = LoginSwiftUI;
			};
			name = Debug;
		};
		74F164C62681E1B700A7BA37 /* Release */ = {
			isa = XCBuildConfiguration;
			buildSettings = {
				ALWAYS_EMBED_SWIFT_STANDARD_LIBRARIES = YES;
				CODE_SIGN_STYLE = Automatic;
				INFOPLIST_FILE = LoginSwiftUIUITests/Info.plist;
				LD_RUNPATH_SEARCH_PATHS = (
					"$(inherited)",
					"@executable_path/Frameworks",
					"@loader_path/Frameworks",
				);
				PRODUCT_BUNDLE_IDENTIFIER = com.krishna.LoginSwiftUIUITests;
				PRODUCT_NAME = "$(TARGET_NAME)";
				SWIFT_VERSION = 5.0;
				TARGETED_DEVICE_FAMILY = "1,2";
				TEST_TARGET_NAME = LoginSwiftUI;
			};
			name = Release;
		};
/* End XCBuildConfiguration section */

/* Begin XCConfigurationList section */
		74F164942681E1AF00A7BA37 /* Build configuration list for PBXProject "LoginSwiftUI" */ = {
			isa = XCConfigurationList;
			buildConfigurations = (
				74F164BC2681E1B700A7BA37 /* Debug */,
				74F164BD2681E1B700A7BA37 /* Release */,
			);
			defaultConfigurationIsVisible = 0;
			defaultConfigurationName = Release;
		};
		74F164BE2681E1B700A7BA37 /* Build configuration list for PBXNativeTarget "LoginSwiftUI" */ = {
			isa = XCConfigurationList;
			buildConfigurations = (
				74F164BF2681E1B700A7BA37 /* Debug */,
				74F164C02681E1B700A7BA37 /* Release */,
			);
			defaultConfigurationIsVisible = 0;
			defaultConfigurationName = Release;
		};
		74F164C12681E1B700A7BA37 /* Build configuration list for PBXNativeTarget "LoginSwiftUITests" */ = {
			isa = XCConfigurationList;
			buildConfigurations = (
				74F164C22681E1B700A7BA37 /* Debug */,
				74F164C32681E1B700A7BA37 /* Release */,
			);
			defaultConfigurationIsVisible = 0;
			defaultConfigurationName = Release;
		};
		74F164C42681E1B700A7BA37 /* Build configuration list for PBXNativeTarget "LoginSwiftUIUITests" */ = {
			isa = XCConfigurationList;
			buildConfigurations = (
				74F164C52681E1B700A7BA37 /* Debug */,
				74F164C62681E1B700A7BA37 /* Release */,
			);
			defaultConfigurationIsVisible = 0;
			defaultConfigurationName = Release;
		};
/* End XCConfigurationList section */
	};
	rootObject = 74F164912681E1AF00A7BA37 /* Project object */;
}
